// !$*UTF8*$!
{
	archiveVersion = 1;
	classes = {
	};
	objectVersion = 50;
	objects = {

/* Begin PBXBuildFile section */
		E4BE388B25BF5DF000C5F460 /* AppDelegate.swift in Sources */ = {isa = PBXBuildFile; fileRef = E4BE388A25BF5DF000C5F460 /* AppDelegate.swift */; };
		E4BE388D25BF5DF000C5F460 /* SceneDelegate.swift in Sources */ = {isa = PBXBuildFile; fileRef = E4BE388C25BF5DF000C5F460 /* SceneDelegate.swift */; };
		E4BE388F25BF5DF000C5F460 /* ViewController.swift in Sources */ = {isa = PBXBuildFile; fileRef = E4BE388E25BF5DF000C5F460 /* ViewController.swift */; };
		E4BE389425BF5DF100C5F460 /* Assets.xcassets in Resources */ = {isa = PBXBuildFile; fileRef = E4BE389325BF5DF100C5F460 /* Assets.xcassets */; };
		E4BE389725BF5DF100C5F460 /* LaunchScreen.storyboard in Resources */ = {isa = PBXBuildFile; fileRef = E4BE389525BF5DF100C5F460 /* LaunchScreen.storyboard */; };
		E4BE38A125BF81F500C5F460 /* PrimaryView.swift in Sources */ = {isa = PBXBuildFile; fileRef = E4BE38A025BF81F500C5F460 /* PrimaryView.swift */; };
		E4E5ED6D25C1C780002E228D /* SeparatorViews.swift in Sources */ = {isa = PBXBuildFile; fileRef = E4E5ED6C25C1C780002E228D /* SeparatorViews.swift */; };
/* End PBXBuildFile section */

/* Begin PBXFileReference section */
		E4BE388725BF5DF000C5F460 /* Lesson 5 Layouts VK.app */ = {isa = PBXFileReference; explicitFileType = wrapper.application; includeInIndex = 0; path = "Lesson 5 Layouts VK.app"; sourceTree = BUILT_PRODUCTS_DIR; };
		E4BE388A25BF5DF000C5F460 /* AppDelegate.swift */ = {isa = PBXFileReference; lastKnownFileType = sourcecode.swift; path = AppDelegate.swift; sourceTree = "<group>"; };
		E4BE388C25BF5DF000C5F460 /* SceneDelegate.swift */ = {isa = PBXFileReference; lastKnownFileType = sourcecode.swift; path = SceneDelegate.swift; sourceTree = "<group>"; };
		E4BE388E25BF5DF000C5F460 /* ViewController.swift */ = {isa = PBXFileReference; lastKnownFileType = sourcecode.swift; path = ViewController.swift; sourceTree = "<group>"; };
		E4BE389325BF5DF100C5F460 /* Assets.xcassets */ = {isa = PBXFileReference; lastKnownFileType = folder.assetcatalog; path = Assets.xcassets; sourceTree = "<group>"; };
		E4BE389625BF5DF100C5F460 /* Base */ = {isa = PBXFileReference; lastKnownFileType = file.storyboard; name = Base; path = Base.lproj/LaunchScreen.storyboard; sourceTree = "<group>"; };
		E4BE389825BF5DF100C5F460 /* Info.plist */ = {isa = PBXFileReference; lastKnownFileType = text.plist.xml; path = Info.plist; sourceTree = "<group>"; };
		E4BE38A025BF81F500C5F460 /* PrimaryView.swift */ = {isa = PBXFileReference; lastKnownFileType = sourcecode.swift; path = PrimaryView.swift; sourceTree = "<group>"; };
		E4E5ED6C25C1C780002E228D /* SeparatorViews.swift */ = {isa = PBXFileReference; lastKnownFileType = sourcecode.swift; path = SeparatorViews.swift; sourceTree = "<group>"; };
/* End PBXFileReference section */

/* Begin PBXFrameworksBuildPhase section */
		E4BE388425BF5DF000C5F460 /* Frameworks */ = {
			isa = PBXFrameworksBuildPhase;
			buildActionMask = 2147483647;
			files = (
			);
			runOnlyForDeploymentPostprocessing = 0;
		};
/* End PBXFrameworksBuildPhase section */

/* Begin PBXGroup section */
		E4BE387E25BF5DF000C5F460 = {
			isa = PBXGroup;
			children = (
				E4BE388925BF5DF000C5F460 /* Lesson 5 Layouts VK */,
				E4BE388825BF5DF000C5F460 /* Products */,
			);
			sourceTree = "<group>";
		};
		E4BE388825BF5DF000C5F460 /* Products */ = {
			isa = PBXGroup;
			children = (
				E4BE388725BF5DF000C5F460 /* Lesson 5 Layouts VK.app */,
			);
			name = Products;
			sourceTree = "<group>";
		};
		E4BE388925BF5DF000C5F460 /* Lesson 5 Layouts VK */ = {
			isa = PBXGroup;
			children = (
				E4E5ED7025C1D238002E228D /* Supporting files */,
				E4E5ED6F25C1D21E002E228D /* View */,
				E4BE388E25BF5DF000C5F460 /* ViewController.swift */,
				E4BE389325BF5DF100C5F460 /* Assets.xcassets */,
				E4BE389825BF5DF100C5F460 /* Info.plist */,
			);
			path = "Lesson 5 Layouts VK";
			sourceTree = "<group>";
		};
		E4E5ED6F25C1D21E002E228D /* View */ = {
			isa = PBXGroup;
			children = (
				E4BE38A025BF81F500C5F460 /* PrimaryView.swift */,
				E4E5ED6C25C1C780002E228D /* SeparatorViews.swift */,
			);
			path = View;
			sourceTree = "<group>";
		};
		E4E5ED7025C1D238002E228D /* Supporting files */ = {
			isa = PBXGroup;
			children = (
				E4BE388A25BF5DF000C5F460 /* AppDelegate.swift */,
				E4BE388C25BF5DF000C5F460 /* SceneDelegate.swift */,
				E4BE389525BF5DF100C5F460 /* LaunchScreen.storyboard */,
			);
			path = "Supporting files";
			sourceTree = "<group>";
		};
/* End PBXGroup section */

/* Begin PBXNativeTarget section */
		E4BE388625BF5DF000C5F460 /* Lesson 5 Layouts VK */ = {
			isa = PBXNativeTarget;
			buildConfigurationList = E4BE389B25BF5DF100C5F460 /* Build configuration list for PBXNativeTarget "Lesson 5 Layouts VK" */;
			buildPhases = (
				E4BE388325BF5DF000C5F460 /* Sources */,
				E4BE388425BF5DF000C5F460 /* Frameworks */,
				E4BE388525BF5DF000C5F460 /* Resources */,
			);
			buildRules = (
			);
			dependencies = (
			);
			name = "Lesson 5 Layouts VK";
			productName = "Lesson 5 Layouts VK";
			productReference = E4BE388725BF5DF000C5F460 /* Lesson 5 Layouts VK.app */;
			productType = "com.apple.product-type.application";
		};
/* End PBXNativeTarget section */

/* Begin PBXProject section */
		E4BE387F25BF5DF000C5F460 /* Project object */ = {
			isa = PBXProject;
			attributes = {
				LastSwiftUpdateCheck = 1230;
				LastUpgradeCheck = 1230;
				TargetAttributes = {
					E4BE388625BF5DF000C5F460 = {
						CreatedOnToolsVersion = 12.3;
					};
				};
			};
			buildConfigurationList = E4BE388225BF5DF000C5F460 /* Build configuration list for PBXProject "Lesson 5 Layouts VK" */;
			compatibilityVersion = "Xcode 9.3";
			developmentRegion = en;
			hasScannedForEncodings = 0;
			knownRegions = (
				en,
				Base,
			);
			mainGroup = E4BE387E25BF5DF000C5F460;
			productRefGroup = E4BE388825BF5DF000C5F460 /* Products */;
			projectDirPath = "";
			projectRoot = "";
			targets = (
				E4BE388625BF5DF000C5F460 /* Lesson 5 Layouts VK */,
			);
		};
/* End PBXProject section */

/* Begin PBXResourcesBuildPhase section */
		E4BE388525BF5DF000C5F460 /* Resources */ = {
			isa = PBXResourcesBuildPhase;
			buildActionMask = 2147483647;
			files = (
				E4BE389725BF5DF100C5F460 /* LaunchScreen.storyboard in Resources */,
				E4BE389425BF5DF100C5F460 /* Assets.xcassets in Resources */,
			);
			runOnlyForDeploymentPostprocessing = 0;
		};
/* End PBXResourcesBuildPhase section */

/* Begin PBXSourcesBuildPhase section */
		E4BE388325BF5DF000C5F460 /* Sources */ = {
			isa = PBXSourcesBuildPhase;
			buildActionMask = 2147483647;
			files = (
				E4E5ED6D25C1C780002E228D /* SeparatorViews.swift in Sources */,
				E4BE388F25BF5DF000C5F460 /* ViewController.swift in Sources */,
				E4BE388B25BF5DF000C5F460 /* AppDelegate.swift in Sources */,
				E4BE388D25BF5DF000C5F460 /* SceneDelegate.swift in Sources */,
				E4BE38A125BF81F500C5F460 /* PrimaryView.swift in Sources */,
			);
			runOnlyForDeploymentPostprocessing = 0;
		};
/* End PBXSourcesBuildPhase section */

/* Begin PBXVariantGroup section */
		E4BE389525BF5DF100C5F460 /* LaunchScreen.storyboard */ = {
			isa = PBXVariantGroup;
			children = (
				E4BE389625BF5DF100C5F460 /* Base */,
			);
			name = LaunchScreen.storyboard;
			sourceTree = "<group>";
		};
/* End PBXVariantGroup section */

/* Begin XCBuildConfiguration section */
		E4BE389925BF5DF100C5F460 /* Debug */ = {
			isa = XCBuildConfiguration;
			buildSettings = {
				ALWAYS_SEARCH_USER_PATHS = NO;
				CLANG_ANALYZER_NONNULL = YES;
				CLANG_ANALYZER_NUMBER_OBJECT_CONVERSION = YES_AGGRESSIVE;
				CLANG_CXX_LANGUAGE_STANDARD = "gnu++14";
				CLANG_CXX_LIBRARY = "libc++";
				CLANG_ENABLE_MODULES = YES;
				CLANG_ENABLE_OBJC_ARC = YES;
				CLANG_ENABLE_OBJC_WEAK = YES;
				CLANG_WARN_BLOCK_CAPTURE_AUTORELEASING = YES;
				CLANG_WARN_BOOL_CONVERSION = YES;
				CLANG_WARN_COMMA = YES;
				CLANG_WARN_CONSTANT_CONVERSION = YES;
				CLANG_WARN_DEPRECATED_OBJC_IMPLEMENTATIONS = YES;
				CLANG_WARN_DIRECT_OBJC_ISA_USAGE = YES_ERROR;
				CLANG_WARN_DOCUMENTATION_COMMENTS = YES;
				CLANG_WARN_EMPTY_BODY = YES;
				CLANG_WARN_ENUM_CONVERSION = YES;
				CLANG_WARN_INFINITE_RECURSION = YES;
				CLANG_WARN_INT_CONVERSION = YES;
				CLANG_WARN_NON_LITERAL_NULL_CONVERSION = YES;
				CLANG_WARN_OBJC_IMPLICIT_RETAIN_SELF = YES;
				CLANG_WARN_OBJC_LITERAL_CONVERSION = YES;
				CLANG_WARN_OBJC_ROOT_CLASS = YES_ERROR;
				CLANG_WARN_QUOTED_INCLUDE_IN_FRAMEWORK_HEADER = YES;
				CLANG_WARN_RANGE_LOOP_ANALYSIS = YES;
				CLANG_WARN_STRICT_PROTOTYPES = YES;
				CLANG_WARN_SUSPICIOUS_MOVE = YES;
				CLANG_WARN_UNGUARDED_AVAILABILITY = YES_AGGRESSIVE;
				CLANG_WARN_UNREACHABLE_CODE = YES;
				CLANG_WARN__DUPLICATE_METHOD_MATCH = YES;
				COPY_PHASE_STRIP = NO;
				DEBUG_INFORMATION_FORMAT = dwarf;
				ENABLE_STRICT_OBJC_MSGSEND = YES;
				ENABLE_TESTABILITY = YES;
				GCC_C_LANGUAGE_STANDARD = gnu11;
				GCC_DYNAMIC_NO_PIC = NO;
				GCC_NO_COMMON_BLOCKS = YES;
				GCC_OPTIMIZATION_LEVEL = 0;
				GCC_PREPROCESSOR_DEFINITIONS = (
					"DEBUG=1",
					"$(inherited)",
				);
				GCC_WARN_64_TO_32_BIT_CONVERSION = YES;
				GCC_WARN_ABOUT_RETURN_TYPE = YES_ERROR;
				GCC_WARN_UNDECLARED_SELECTOR = YES;
				GCC_WARN_UNINITIALIZED_AUTOS = YES_AGGRESSIVE;
				GCC_WARN_UNUSED_FUNCTION = YES;
				GCC_WARN_UNUSED_VARIABLE = YES;
				IPHONEOS_DEPLOYMENT_TARGET = 14.3;
				MTL_ENABLE_DEBUG_INFO = INCLUDE_SOURCE;
				MTL_FAST_MATH = YES;
				ONLY_ACTIVE_ARCH = YES;
				SDKROOT = iphoneos;
				SWIFT_ACTIVE_COMPILATION_CONDITIONS = DEBUG;
				SWIFT_OPTIMIZATION_LEVEL = "-Onone";
			};
			name = Debug;
		};
		E4BE389A25BF5DF100C5F460 /* Release */ = {
			isa = XCBuildConfiguration;
			buildSettings = {
				ALWAYS_SEARCH_USER_PATHS = NO;
				CLANG_ANALYZER_NONNULL = YES;
				CLANG_ANALYZER_NUMBER_OBJECT_CONVERSION = YES_AGGRESSIVE;
				CLANG_CXX_LANGUAGE_STANDARD = "gnu++14";
				CLANG_CXX_LIBRARY = "libc++";
				CLANG_ENABLE_MODULES = YES;
				CLANG_ENABLE_OBJC_ARC = YES;
				CLANG_ENABLE_OBJC_WEAK = YES;
				CLANG_WARN_BLOCK_CAPTURE_AUTORELEASING = YES;
				CLANG_WARN_BOOL_CONVERSION = YES;
				CLANG_WARN_COMMA = YES;
				CLANG_WARN_CONSTANT_CONVERSION = YES;
				CLANG_WARN_DEPRECATED_OBJC_IMPLEMENTATIONS = YES;
				CLANG_WARN_DIRECT_OBJC_ISA_USAGE = YES_ERROR;
				CLANG_WARN_DOCUMENTATION_COMMENTS = YES;
				CLANG_WARN_EMPTY_BODY = YES;
				CLANG_WARN_ENUM_CONVERSION = YES;
				CLANG_WARN_INFINITE_RECURSION = YES;
				CLANG_WARN_INT_CONVERSION = YES;
				CLANG_WARN_NON_LITERAL_NULL_CONVERSION = YES;
				CLANG_WARN_OBJC_IMPLICIT_RETAIN_SELF = YES;
				CLANG_WARN_OBJC_LITERAL_CONVERSION = YES;
				CLANG_WARN_OBJC_ROOT_CLASS = YES_ERROR;
				CLANG_WARN_QUOTED_INCLUDE_IN_FRAMEWORK_HEADER = YES;
				CLANG_WARN_RANGE_LOOP_ANALYSIS = YES;
				CLANG_WARN_STRICT_PROTOTYPES = YES;
				CLANG_WARN_SUSPICIOUS_MOVE = YES;
				CLANG_WARN_UNGUARDED_AVAILABILITY = YES_AGGRESSIVE;
				CLANG_WARN_UNREACHABLE_CODE = YES;
				CLANG_WARN__DUPLICATE_METHOD_MATCH = YES;
				COPY_PHASE_STRIP = NO;
				DEBUG_INFORMATION_FORMAT = "dwarf-with-dsym";
				ENABLE_NS_ASSERTIONS = NO;
				ENABLE_STRICT_OBJC_MSGSEND = YES;
				GCC_C_LANGUAGE_STANDARD = gnu11;
				GCC_NO_COMMON_BLOCKS = YES;
				GCC_WARN_64_TO_32_BIT_CONVERSION = YES;
				GCC_WARN_ABOUT_RETURN_TYPE = YES_ERROR;
				GCC_WARN_UNDECLARED_SELECTOR = YES;
				GCC_WARN_UNINITIALIZED_AUTOS = YES_AGGRESSIVE;
				GCC_WARN_UNUSED_FUNCTION = YES;
				GCC_WARN_UNUSED_VARIABLE = YES;
				IPHONEOS_DEPLOYMENT_TARGET = 14.3;
				MTL_ENABLE_DEBUG_INFO = NO;
				MTL_FAST_MATH = YES;
				SDKROOT = iphoneos;
				SWIFT_COMPILATION_MODE = wholemodule;
				SWIFT_OPTIMIZATION_LEVEL = "-O";
				VALIDATE_PRODUCT = YES;
			};
			name = Release;
		};
		E4BE389C25BF5DF100C5F460 /* Debug */ = {
			isa = XCBuildConfiguration;
			buildSettings = {
				ASSETCATALOG_COMPILER_APPICON_NAME = AppIcon;
				ASSETCATALOG_COMPILER_GLOBAL_ACCENT_COLOR_NAME = AccentColor;
				CODE_SIGN_STYLE = Automatic;
				DEVELOPMENT_TEAM = 5MS9KG4339;
				INFOPLIST_FILE = "Lesson 5 Layouts VK/Info.plist";
				LD_RUNPATH_SEARCH_PATHS = (
					"$(inherited)",
					"@executable_path/Frameworks",
				);
				PRODUCT_BUNDLE_IDENTIFIER = "koko.Lesson-5-Layouts-VK";
				PRODUCT_NAME = "$(TARGET_NAME)";
				SWIFT_VERSION = 5.0;
				TARGETED_DEVICE_FAMILY = "1,2";
			};
			name = Debug;
		};
		E4BE389D25BF5DF100C5F460 /* Release */ = {
			isa = XCBuildConfiguration;
			buildSettings = {
				ASSETCATALOG_COMPILER_APPICON_NAME = AppIcon;
				ASSETCATALOG_COMPILER_GLOBAL_ACCENT_COLOR_NAME = AccentColor;
				CODE_SIGN_STYLE = Automatic;
				DEVELOPMENT_TEAM = 5MS9KG4339;
				INFOPLIST_FILE = "Lesson 5 Layouts VK/Info.plist";
				LD_RUNPATH_SEARCH_PATHS = (
					"$(inherited)",
					"@executable_path/Frameworks",
				);
				PRODUCT_BUNDLE_IDENTIFIER = "koko.Lesson-5-Layouts-VK";
				PRODUCT_NAME = "$(TARGET_NAME)";
				SWIFT_VERSION = 5.0;
				TARGETED_DEVICE_FAMILY = "1,2";
			};
			name = Release;
		};
/* End XCBuildConfiguration section */

/* Begin XCConfigurationList section */
		E4BE388225BF5DF000C5F460 /* Build configuration list for PBXProject "Lesson 5 Layouts VK" */ = {
			isa = XCConfigurationList;
			buildConfigurations = (
				E4BE389925BF5DF100C5F460 /* Debug */,
				E4BE389A25BF5DF100C5F460 /* Release */,
			);
			defaultConfigurationIsVisible = 0;
			defaultConfigurationName = Release;
		};
		E4BE389B25BF5DF100C5F460 /* Build configuration list for PBXNativeTarget "Lesson 5 Layouts VK" */ = {
			isa = XCConfigurationList;
			buildConfigurations = (
				E4BE389C25BF5DF100C5F460 /* Debug */,
				E4BE389D25BF5DF100C5F460 /* Release */,
			);
			defaultConfigurationIsVisible = 0;
			defaultConfigurationName = Release;
		};
/* End XCConfigurationList section */
	};
	rootObject = E4BE387F25BF5DF000C5F460 /* Project object */;
}
